
Microsoft Visual Studio Solution File, Format Version 12.00
# Visual Studio 2013
VisualStudioVersion = 12.0.40629.0
MinimumVisualStudioVersion = 10.0.40219.1
Project("{FAE04EC0-301F-11D3-BF4B-00C04F79EFBC}") = "DrugInfo.Crawler", "DrugInfo.Crawler\DrugInfo.Crawler.csproj", "{C800C770-FF56-40EE-A3E2-04BCBB6E886B}"
EndProject
Project("{FAE04EC0-301F-11D3-BF4B-00C04F79EFBC}") = "DrugInfoManufacturer.Crawler", "DrugInfoManufacturer.Crawler\DrugInfoManufacturer.Crawler.csproj", "{6BB4311F-AF93-43AE-B4C0-50483C9D7F6F}"
EndProject
Project("{FAE04EC0-301F-11D3-BF4B-00C04F79EFBC}") = "Common", "Common\Common.csproj", "{A99C4852-4830-4BC1-A0D3-C2CD42720FCB}"
EndProject
Project("{FAE04EC0-301F-11D3-BF4B-00C04F79EFBC}") = "GetManufacturer.Crawler", "Manufacturer.Crawler\GetManufacturer.Crawler.csproj", "{ED27BEA0-EBC0-4211-B920-13BA5844E062}"
EndProject
Project("{FAE04EC0-301F-11D3-BF4B-00C04F79EFBC}") = "DrugBaiKe.Crawler", "DrugBaiKe.Crawler\DrugBaiKe.Crawler.csproj", "{689CED78-3A38-4688-9036-1A9D2E8E184F}"
EndProject
Project("{FAE04EC0-301F-11D3-BF4B-00C04F79EFBC}") = "Cnki.net", "Cnki.net\Cnki.net.csproj", "{799C7C91-D84E-4707-A86B-5905FD361730}"
EndProject
Global
	GlobalSection(SolutionConfigurationPlatforms) = preSolution
		Debug|Any CPU = Debug|Any CPU
		Release|Any CPU = Release|Any CPU
	EndGlobalSection
	GlobalSection(ProjectConfigurationPlatforms) = postSolution
		{C800C770-FF56-40EE-A3E2-04BCBB6E886B}.Debug|Any CPU.ActiveCfg = Debug|Any CPU
		{C800C770-FF56-40EE-A3E2-04BCBB6E886B}.Debug|Any CPU.Build.0 = Debug|Any CPU
		{C800C770-FF56-40EE-A3E2-04BCBB6E886B}.Release|Any CPU.ActiveCfg = Release|Any CPU
		{C800C770-FF56-40EE-A3E2-04BCBB6E886B}.Release|Any CPU.Build.0 = Release|Any CPU
		{6BB4311F-AF93-43AE-B4C0-50483C9D7F6F}.Debug|Any CPU.ActiveCfg = Debug|Any CPU
		{6BB4311F-AF93-43AE-B4C0-50483C9D7F6F}.Debug|Any CPU.Build.0 = Debug|Any CPU
		{6BB4311F-AF93-43AE-B4C0-50483C9D7F6F}.Release|Any CPU.ActiveCfg = Release|Any CPU
		{6BB4311F-AF93-43AE-B4C0-50483C9D7F6F}.Release|Any CPU.Build.0 = Release|Any CPU
		{A99C4852-4830-4BC1-A0D3-C2CD42720FCB}.Debug|Any CPU.ActiveCfg = Debug|Any CPU
		{A99C4852-4830-4BC1-A0D3-C2CD42720FCB}.Debug|Any CPU.Build.0 = Debug|Any CPU
		{A99C4852-4830-4BC1-A0D3-C2CD42720FCB}.Release|Any CPU.ActiveCfg = Release|Any CPU
		{A99C4852-4830-4BC1-A0D3-C2CD42720FCB}.Release|Any CPU.Build.0 = Release|Any CPU
		{ED27BEA0-EBC0-4211-B920-13BA5844E062}.Debug|Any CPU.ActiveCfg = Debug|Any CPU
		{ED27BEA0-EBC0-4211-B920-13BA5844E062}.Debug|Any CPU.Build.0 = Debug|Any CPU
		{ED27BEA0-EBC0-4211-B920-13BA5844E062}.Release|Any CPU.ActiveCfg = Release|Any CPU
		{ED27BEA0-EBC0-4211-B920-13BA5844E062}.Release|Any CPU.Build.0 = Release|Any CPU
		{689CED78-3A38-4688-9036-1A9D2E8E184F}.Debug|Any CPU.ActiveCfg = Debug|Any CPU
		{689CED78-3A38-4688-9036-1A9D2E8E184F}.Debug|Any CPU.Build.0 = Debug|Any CPU
		{689CED78-3A38-4688-9036-1A9D2E8E184F}.Release|Any CPU.ActiveCfg = Release|Any CPU
		{689CED78-3A38-4688-9036-1A9D2E8E184F}.Release|Any CPU.Build.0 = Release|Any CPU
		{799C7C91-D84E-4707-A86B-5905FD361730}.Debug|Any CPU.ActiveCfg = Debug|Any CPU
		{799C7C91-D84E-4707-A86B-5905FD361730}.Debug|Any CPU.Build.0 = Debug|Any CPU
		{799C7C91-D84E-4707-A86B-5905FD361730}.Release|Any CPU.ActiveCfg = Release|Any CPU
		{799C7C91-D84E-4707-A86B-5905FD361730}.Release|Any CPU.Build.0 = Release|Any CPU
	EndGlobalSection
	GlobalSection(SolutionProperties) = preSolution
		HideSolutionNode = FALSE
	EndGlobalSection
EndGlobal
